<?xml version="1.0" encoding="utf-8"?>
<Project ToolsVersion="4.0" xmlns="http://schemas.microsoft.com/developer/msbuild/2003">
  <ItemGroup>
    <Filter Include="ソース ファイル">
      <UniqueIdentifier>{4FC737F1-C7A5-4376-A066-2A32D752A2FF}</UniqueIdentifier>
      <Extensions>cpp;c;cc;cxx;def;odl;idl;hpj;bat;asm;asmx</Extensions>
    </Filter>
    <Filter Include="ヘッダー ファイル">
      <UniqueIdentifier>{93995380-89BD-4b04-88EB-625FBE52EBFB}</UniqueIdentifier>
      <Extensions>h;hh;hpp;hxx;hm;inl;inc;ipp;xsd</Extensions>
    </Filter>
    <Filter Include="リソース ファイル">
      <UniqueIdentifier>{67DA6AB6-F800-4c08-8B7A-83BB121AAD01}</UniqueIdentifier>
      <Extensions>rc;ico;cur;bmp;dlg;rc2;rct;bin;rgs;gif;jpg;jpeg;jpe;resx;tiff;tif;png;wav;mfcribbon-ms</Extensions>
    </Filter>
    <Filter Include="ソース ファイル\Scene">
      <UniqueIdentifier>{5784fe89-5681-4d1c-9e6f-3c33bf8a306f}</UniqueIdentifier>
    </Filter>
    <Filter Include="ソース ファイル\BaseClass">
      <UniqueIdentifier>{cdf8887e-2421-40de-96a2-b3249818b2c1}</UniqueIdentifier>
    </Filter>
    <Filter Include="ヘッダー ファイル\BaseClass">
      <UniqueIdentifier>{e87e0437-8b84-43b4-943c-3402a8d4dc85}</UniqueIdentifier>
    </Filter>
    <Filter Include="ソース ファイル\GameController">
      <UniqueIdentifier>{5d478cfd-77c4-4eae-865a-b863391ebe8c}</UniqueIdentifier>
    </Filter>
    <Filter Include="ヘッダー ファイル\GameController">
      <UniqueIdentifier>{f02c6d41-7145-4def-90b8-8a21dcea1f85}</UniqueIdentifier>
    </Filter>
    <Filter Include="ソース ファイル\Enum">
      <UniqueIdentifier>{d35cf199-5f3b-4522-b8be-4240cee9892d}</UniqueIdentifier>
    </Filter>
    <Filter Include="ヘッダー ファイル\Enum">
      <UniqueIdentifier>{b1c4d6ed-111f-4d89-b6bd-7e8fac0b5378}</UniqueIdentifier>
    </Filter>
    <Filter Include="ヘッダー ファイル\Scene">
      <UniqueIdentifier>{f52974e3-26dd-4de1-8fbf-ff01b851f0dc}</UniqueIdentifier>
    </Filter>
  </ItemGroup>
  <ItemGroup>
    <ClCompile Include="main.cpp">
      <Filter>ソース ファイル</Filter>
    </ClCompile>
    <ClCompile Include="SceneShift.cpp">
      <Filter>ソース ファイル</Filter>
    </ClCompile>
    <ClCompile Include="BaseScene.cpp">
      <Filter>ソース ファイル\BaseClass</Filter>
    </ClCompile>
    <ClCompile Include="Vector2.cpp">
      <Filter>ソース ファイル</Filter>
    </ClCompile>
    <ClCompile Include="PLAYER.cpp">
      <Filter>ソース ファイル\Enum</Filter>
    </ClCompile>
    <ClCompile Include="GameController.cpp">
      <Filter>ソース ファイル\GameController</Filter>
    </ClCompile>
    <ClCompile Include="Title.cpp">
      <Filter>ソース ファイル\Scene</Filter>
    </ClCompile>
    <ClCompile Include="Tutorial.cpp">
      <Filter>ソース ファイル\Scene</Filter>
    </ClCompile>
    <ClCompile Include="GamePlay.cpp">
      <Filter>ソース ファイル\Scene</Filter>
    </ClCompile>
    <ClCompile Include="GameClear.cpp">
      <Filter>ソース ファイル\Scene</Filter>
    </ClCompile>
    <ClCompile Include="GameOver.cpp">
      <Filter>ソース ファイル\Scene</Filter>
    </ClCompile>
    <ClCompile Include="Result.cpp">
      <Filter>ソース ファイル\Scene</Filter>
    </ClCompile>
    <ClCompile Include="ImageManager.cpp">
      <Filter>ソース ファイル</Filter>
    </ClCompile>
    <ClCompile Include="ANIMATION.cpp">
      <Filter>ソース ファイル\Enum</Filter>
    </ClCompile>
    <ClCompile Include="controlledPlayer.cpp">
      <Filter>ソース ファイル</Filter>
    </ClCompile>
    <ClCompile Include="BasePlayer.cpp">
      <Filter>ソース ファイル\BaseClass</Filter>
    </ClCompile>
    <ClCompile Include="AddList.cpp">
      <Filter>ソース ファイル</Filter>
    </ClCompile>
    <ClCompile Include="DIRECTION.cpp">
      <Filter>ソース ファイル</Filter>
    </ClCompile>
    <ClCompile Include="WeaponInventry.cpp">
      <Filter>ソース ファイル</Filter>
    </ClCompile>
    <ClCompile Include="WEAPON.cpp">
      <Filter>ソース ファイル\Enum</Filter>
    </ClCompile>
    <ClCompile Include="ItemBase.cpp">
      <Filter>ソース ファイル\BaseClass</Filter>
    </ClCompile>
    <ClCompile Include="Item_Weapon.cpp">
      <Filter>ソース ファイル</Filter>
    </ClCompile>
    <ClCompile Include="Gravity.cpp">
      <Filter>ソース ファイル</Filter>
    </ClCompile>
    <ClCompile Include="Inventory.cpp">
      <Filter>ソース ファイル</Filter>
    </ClCompile>
    <ClCompile Include="ATTACK_LEVEL.cpp">
      <Filter>ソース ファイル\Enum</Filter>
    </ClCompile>
  </ItemGroup>
  <ItemGroup>
    <ClInclude Include="SceneShift.h">
      <Filter>ヘッダー ファイル</Filter>
    </ClInclude>
    <ClInclude Include="BaseScene.h">
      <Filter>ヘッダー ファイル\BaseClass</Filter>
    </ClInclude>
    <ClInclude Include="Vector2.h">
      <Filter>ヘッダー ファイル</Filter>
    </ClInclude>
    <ClInclude Include="GameController.h">
      <Filter>ヘッダー ファイル\GameController</Filter>
    </ClInclude>
    <ClInclude Include="PLAYER.h">
      <Filter>ヘッダー ファイル\Enum</Filter>
    </ClInclude>
    <ClInclude Include="Title.h">
      <Filter>ヘッダー ファイル\Scene</Filter>
    </ClInclude>
    <ClInclude Include="Tutorial.h">
      <Filter>ヘッダー ファイル\Scene</Filter>
    </ClInclude>
    <ClInclude Include="GamePlay.h">
      <Filter>ヘッダー ファイル\Scene</Filter>
    </ClInclude>
    <ClInclude Include="GameClear.h">
      <Filter>ヘッダー ファイル\Scene</Filter>
    </ClInclude>
    <ClInclude Include="Result.h">
      <Filter>ヘッダー ファイル\Scene</Filter>
    </ClInclude>
    <ClInclude Include="GameOver.h">
      <Filter>ヘッダー ファイル\Scene</Filter>
    </ClInclude>
    <ClInclude Include="ImageManager.h">
      <Filter>ヘッダー ファイル</Filter>
    </ClInclude>
    <ClInclude Include="ANIMATION.h">
      <Filter>ヘッダー ファイル\Enum</Filter>
    </ClInclude>
    <ClInclude Include="controlledPlayer.h">
      <Filter>ヘッダー ファイル</Filter>
    </ClInclude>
    <ClInclude Include="BasePlayer.h">
      <Filter>ヘッダー ファイル\BaseClass</Filter>
    </ClInclude>
    <ClInclude Include="AddList.h">
      <Filter>ヘッダー ファイル</Filter>
    </ClInclude>
    <ClInclude Include="DIRECTION.h">
      <Filter>ヘッダー ファイル</Filter>
    </ClInclude>
    <ClInclude Include="WeaponInventry.h">
      <Filter>ヘッダー ファイル</Filter>
    </ClInclude>
    <ClInclude Include="WEAPON.h">
      <Filter>ヘッダー ファイル\Enum</Filter>
    </ClInclude>
    <ClInclude Include="ItemBase.h">
      <Filter>ヘッダー ファイル\BaseClass</Filter>
    </ClInclude>
    <ClInclude Include="Item_Weapon.h">
      <Filter>ヘッダー ファイル</Filter>
    </ClInclude>
    <ClInclude Include="Gravity.h">
      <Filter>ヘッダー ファイル</Filter>
    </ClInclude>
    <ClInclude Include="Inventory.h">
      <Filter>ヘッダー ファイル</Filter>
    </ClInclude>
    <ClInclude Include="ATTACK_LEVEL.h">
      <Filter>ヘッダー ファイル\Enum</Filter>
    </ClInclude>
  </ItemGroup>
</Project>