<?xml version="1.0" encoding="utf-8"?>
<Project ToolsVersion="4.0" xmlns="http://schemas.microsoft.com/developer/msbuild/2003">
  <ItemGroup>
    <Filter Include="ソース ファイル">
      <UniqueIdentifier>{4FC737F1-C7A5-4376-A066-2A32D752A2FF}</UniqueIdentifier>
      <Extensions>cpp;c;cc;cxx;def;odl;idl;hpj;bat;asm;asmx</Extensions>
    </Filter>
    <Filter Include="ヘッダー ファイル">
      <UniqueIdentifier>{93995380-89BD-4b04-88EB-625FBE52EBFB}</UniqueIdentifier>
      <Extensions>h;hh;hpp;hxx;hm;inl;inc;ipp;xsd</Extensions>
    </Filter>
    <Filter Include="リソース ファイル">
      <UniqueIdentifier>{67DA6AB6-F800-4c08-8B7A-83BB121AAD01}</UniqueIdentifier>
      <Extensions>rc;ico;cur;bmp;dlg;rc2;rct;bin;rgs;gif;jpg;jpeg;jpe;resx;tiff;tif;png;wav;mfcribbon-ms</Extensions>
    </Filter>
    <Filter Include="ソース ファイル\Scene">
      <UniqueIdentifier>{c645f4a3-32bb-45e5-9351-71eebdc3c983}</UniqueIdentifier>
    </Filter>
    <Filter Include="ヘッダー ファイル\Scene">
      <UniqueIdentifier>{e7fd9d73-2bf8-420a-bed4-413a3c28fd12}</UniqueIdentifier>
    </Filter>
    <Filter Include="ソース ファイル\enum">
      <UniqueIdentifier>{34027ee8-fdad-4f75-a6ed-fef754cf6ce8}</UniqueIdentifier>
    </Filter>
    <Filter Include="ヘッダー ファイル\enum">
      <UniqueIdentifier>{a76df42e-9888-4c60-84fe-8b2dc5a0e5b2}</UniqueIdentifier>
    </Filter>
    <Filter Include="ヘッダー ファイル\BaseClass">
      <UniqueIdentifier>{439b5483-595e-482c-962c-b328a0f4f0b2}</UniqueIdentifier>
    </Filter>
    <Filter Include="ソース ファイル\BaseClass">
      <UniqueIdentifier>{d25d3f0e-76f5-45e1-955f-978ab07d450c}</UniqueIdentifier>
    </Filter>
  </ItemGroup>
  <ItemGroup>
    <ClCompile Include="main.cpp">
      <Filter>ソース ファイル</Filter>
    </ClCompile>
    <ClCompile Include="SceneShift.cpp">
      <Filter>ソース ファイル</Filter>
    </ClCompile>
    <ClCompile Include="Vector2.cpp">
      <Filter>ソース ファイル</Filter>
    </ClCompile>
    <ClCompile Include="GameController.cpp">
      <Filter>ソース ファイル</Filter>
    </ClCompile>
    <ClCompile Include="GamePlay.cpp">
      <Filter>ソース ファイル\Scene</Filter>
    </ClCompile>
    <ClCompile Include="Title.cpp">
      <Filter>ソース ファイル\Scene</Filter>
    </ClCompile>
    <ClCompile Include="SpriteManager.cpp">
      <Filter>ソース ファイル</Filter>
    </ClCompile>
    <ClCompile Include="controlledPlayer.cpp">
      <Filter>ソース ファイル</Filter>
    </ClCompile>
    <ClCompile Include="AddList.cpp">
      <Filter>ソース ファイル</Filter>
    </ClCompile>
    <ClCompile Include="Gravity.cpp">
      <Filter>ソース ファイル</Filter>
    </ClCompile>
    <ClCompile Include="Enemy.cpp">
      <Filter>ソース ファイル</Filter>
    </ClCompile>
    <ClCompile Include="DIRECTION.cpp">
      <Filter>ソース ファイル\enum</Filter>
    </ClCompile>
    <ClCompile Include="ANIMATION.cpp">
      <Filter>ソース ファイル\enum</Filter>
    </ClCompile>
    <ClCompile Include="AnimationLevel.cpp">
      <Filter>ソース ファイル\enum</Filter>
    </ClCompile>
    <ClCompile Include="ANIMATIONTABLE.cpp">
      <Filter>ソース ファイル\enum</Filter>
    </ClCompile>
    <ClCompile Include="ENEMYTYPE.cpp">
      <Filter>ソース ファイル\enum</Filter>
    </ClCompile>
    <ClCompile Include="PLAYER.cpp">
      <Filter>ソース ファイル\enum</Filter>
    </ClCompile>
    <ClCompile Include="BaseEnemy.cpp">
      <Filter>ソース ファイル\BaseClass</Filter>
    </ClCompile>
    <ClCompile Include="BasePlayer.cpp">
      <Filter>ソース ファイル\BaseClass</Filter>
    </ClCompile>
    <ClCompile Include="BaseScene.cpp">
      <Filter>ソース ファイル\BaseClass</Filter>
    </ClCompile>
    <ClCompile Include="EnemyAnimation.cpp">
      <Filter>ソース ファイル</Filter>
    </ClCompile>
  </ItemGroup>
  <ItemGroup>
    <ClInclude Include="SceneShift.h">
      <Filter>ヘッダー ファイル</Filter>
    </ClInclude>
    <ClInclude Include="Vector2.h">
      <Filter>ヘッダー ファイル</Filter>
    </ClInclude>
    <ClInclude Include="GameController.h">
      <Filter>ヘッダー ファイル</Filter>
    </ClInclude>
    <ClInclude Include="Title.h">
      <Filter>ヘッダー ファイル\Scene</Filter>
    </ClInclude>
    <ClInclude Include="GamePlay.h">
      <Filter>ヘッダー ファイル\Scene</Filter>
    </ClInclude>
    <ClInclude Include="SpriteManager.h">
      <Filter>ヘッダー ファイル</Filter>
    </ClInclude>
    <ClInclude Include="controlledPlayer.h">
      <Filter>ヘッダー ファイル</Filter>
    </ClInclude>
    <ClInclude Include="AddList.h">
      <Filter>ヘッダー ファイル</Filter>
    </ClInclude>
    <ClInclude Include="Gravity.h">
      <Filter>ヘッダー ファイル</Filter>
    </ClInclude>
    <ClInclude Include="Enemy.h">
      <Filter>ヘッダー ファイル</Filter>
    </ClInclude>
    <ClInclude Include="ANIMATION.h">
      <Filter>ヘッダー ファイル\enum</Filter>
    </ClInclude>
    <ClInclude Include="AnimationLevel.h">
      <Filter>ヘッダー ファイル\enum</Filter>
    </ClInclude>
    <ClInclude Include="ANIMATIONTABLE.h">
      <Filter>ヘッダー ファイル\enum</Filter>
    </ClInclude>
    <ClInclude Include="DIRECTION.h">
      <Filter>ヘッダー ファイル\enum</Filter>
    </ClInclude>
    <ClInclude Include="ENEMYTYPE.h">
      <Filter>ヘッダー ファイル\enum</Filter>
    </ClInclude>
    <ClInclude Include="PLAYER.h">
      <Filter>ヘッダー ファイル\enum</Filter>
    </ClInclude>
    <ClInclude Include="BaseEnemy.h">
      <Filter>ヘッダー ファイル\BaseClass</Filter>
    </ClInclude>
    <ClInclude Include="BasePlayer.h">
      <Filter>ヘッダー ファイル\BaseClass</Filter>
    </ClInclude>
    <ClInclude Include="BaseScene.h">
      <Filter>ヘッダー ファイル\BaseClass</Filter>
    </ClInclude>
    <ClInclude Include="EnemyAnimation.h">
      <Filter>ヘッダー ファイル</Filter>
    </ClInclude>
  </ItemGroup>
</Project>